
Microsoft Visual Studio Solution File, Format Version 12.00
# Visual Studio Version 17
VisualStudioVersion = 17.2.32630.192
MinimumVisualStudioVersion = 10.0.40219.1
Project("{9A19103F-16F7-4668-BE54-9A1E7A4F7556}") = "RPG_P1_Client", "RPG_P1_Client\RPG_P1_Client.csproj", "{50034F4D-8E2D-41E2-A01B-DC722FA472EC}"
EndProject
Project("{FAE04EC0-301F-11D3-BF4B-00C04F79EFBC}") = "Actions", "Actions\Actions.csproj", "{27485E5B-C31E-44ED-A463-C4D8DE553F4B}"
EndProject
Project("{FAE04EC0-301F-11D3-BF4B-00C04F79EFBC}") = "Data.DTO", "Data.DTO\Data.DTO.csproj", "{A924EC71-B044-49E4-BD5B-EBDE5C268209}"
EndProject
Project("{FAE04EC0-301F-11D3-BF4B-00C04F79EFBC}") = "API_Connection", "API_Connection\API_Connection.csproj", "{0EB70F49-0A2D-4E09-B410-D1782BBAF282}"
EndProject
Global
	GlobalSection(SolutionConfigurationPlatforms) = preSolution
		Debug|Any CPU = Debug|Any CPU
		Release|Any CPU = Release|Any CPU
	EndGlobalSection
	GlobalSection(ProjectConfigurationPlatforms) = postSolution
		{50034F4D-8E2D-41E2-A01B-DC722FA472EC}.Debug|Any CPU.ActiveCfg = Debug|Any CPU
		{50034F4D-8E2D-41E2-A01B-DC722FA472EC}.Debug|Any CPU.Build.0 = Debug|Any CPU
		{50034F4D-8E2D-41E2-A01B-DC722FA472EC}.Release|Any CPU.ActiveCfg = Release|Any CPU
		{50034F4D-8E2D-41E2-A01B-DC722FA472EC}.Release|Any CPU.Build.0 = Release|Any CPU
		{27485E5B-C31E-44ED-A463-C4D8DE553F4B}.Debug|Any CPU.ActiveCfg = Debug|Any CPU
		{27485E5B-C31E-44ED-A463-C4D8DE553F4B}.Debug|Any CPU.Build.0 = Debug|Any CPU
		{27485E5B-C31E-44ED-A463-C4D8DE553F4B}.Release|Any CPU.ActiveCfg = Release|Any CPU
		{27485E5B-C31E-44ED-A463-C4D8DE553F4B}.Release|Any CPU.Build.0 = Release|Any CPU
		{A924EC71-B044-49E4-BD5B-EBDE5C268209}.Debug|Any CPU.ActiveCfg = Debug|Any CPU
		{A924EC71-B044-49E4-BD5B-EBDE5C268209}.Debug|Any CPU.Build.0 = Debug|Any CPU
		{A924EC71-B044-49E4-BD5B-EBDE5C268209}.Release|Any CPU.ActiveCfg = Release|Any CPU
		{A924EC71-B044-49E4-BD5B-EBDE5C268209}.Release|Any CPU.Build.0 = Release|Any CPU
		{0EB70F49-0A2D-4E09-B410-D1782BBAF282}.Debug|Any CPU.ActiveCfg = Debug|Any CPU
		{0EB70F49-0A2D-4E09-B410-D1782BBAF282}.Debug|Any CPU.Build.0 = Debug|Any CPU
		{0EB70F49-0A2D-4E09-B410-D1782BBAF282}.Release|Any CPU.ActiveCfg = Release|Any CPU
		{0EB70F49-0A2D-4E09-B410-D1782BBAF282}.Release|Any CPU.Build.0 = Release|Any CPU
	EndGlobalSection
	GlobalSection(SolutionProperties) = preSolution
		HideSolutionNode = FALSE
	EndGlobalSection
	GlobalSection(ExtensibilityGlobals) = postSolution
		SolutionGuid = {660EA11A-C683-4125-A056-E511CE0727FD}
	EndGlobalSection
EndGlobal
